Microsoft Visual Studio Solution File, Format Version 12.00
# Visual Studio 2012
Project("{FAE04EC0-301F-11D3-BF4B-00C04F79EFBC}") = "Rivencrest-godot", "Rivencrest-godot.csproj", "{DDEF410E-7C3A-43DC-993C-B2A25F83DD84}"
EndProject
Global
	GlobalSection(SolutionConfigurationPlatforms) = preSolution
	Debug|Any CPU = Debug|Any CPU
	ExportDebug|Any CPU = ExportDebug|Any CPU
	ExportRelease|Any CPU = ExportRelease|Any CPU
	EndGlobalSection
	GlobalSection(ProjectConfigurationPlatforms) = postSolution
		{DDEF410E-7C3A-43DC-993C-B2A25F83DD84}.Debug|Any CPU.ActiveCfg = Debug|Any CPU
		{DDEF410E-7C3A-43DC-993C-B2A25F83DD84}.Debug|Any CPU.Build.0 = Debug|Any CPU
		{DDEF410E-7C3A-43DC-993C-B2A25F83DD84}.ExportDebug|Any CPU.ActiveCfg = ExportDebug|Any CPU
		{DDEF410E-7C3A-43DC-993C-B2A25F83DD84}.ExportDebug|Any CPU.Build.0 = ExportDebug|Any CPU
		{DDEF410E-7C3A-43DC-993C-B2A25F83DD84}.ExportRelease|Any CPU.ActiveCfg = ExportRelease|Any CPU
		{DDEF410E-7C3A-43DC-993C-B2A25F83DD84}.ExportRelease|Any CPU.Build.0 = ExportRelease|Any CPU
	EndGlobalSection
EndGlobal
